github.com/RackSec/srslog v0.0.0-20180709174129-a4725f04ec91 h1:vX+gnvBc56EbWYrmlhYbFYRaeikAke1GL84N4BEYOFE=
github.com/RackSec/srslog v0.0.0-20180709174129-a4725f04ec91/go.mod h1:cDLGBht23g0XQdLjzn6xOGXDkLK182YfINAaZEQLCHQ=
golang.org/x/sys v0.1.0 h1:kunALQeHf1/185U1i0GOB/fy1IPRDDpuoOOqRReG57U=
golang.org/x/sys v0.1.0/go.mod h1:oPkhp1MJrh7nUepCBck5+mAzfO9JrbApNNgaTdGDITg=
